// !$*UTF8*$!
{
	archiveVersion = 1;
	classes = {
	};
	objectVersion = 46;
	objects = {

/* Begin PBXBuildFile section */
		CE89557114969BB90044CF31 /* UIKit.framework in Frameworks */ = {isa = PBXBuildFile; fileRef = CE89557014969BB90044CF31 /* UIKit.framework */; };
		CE89557314969BB90044CF31 /* Foundation.framework in Frameworks */ = {isa = PBXBuildFile; fileRef = CE89557214969BB90044CF31 /* Foundation.framework */; };
		CE89557514969BB90044CF31 /* CoreGraphics.framework in Frameworks */ = {isa = PBXBuildFile; fileRef = CE89557414969BB90044CF31 /* CoreGraphics.framework */; };
		CE89557714969BB90044CF31 /* QuartzCore.framework in Frameworks */ = {isa = PBXBuildFile; fileRef = CE89557614969BB90044CF31 /* QuartzCore.framework */; };
		CE89557914969BB90044CF31 /* OpenGLES.framework in Frameworks */ = {isa = PBXBuildFile; fileRef = CE89557814969BB90044CF31 /* OpenGLES.framework */; };
		CE89557F14969BB90044CF31 /* InfoPlist.strings in Resources */ = {isa = PBXBuildFile; fileRef = CE89557D14969BB90044CF31 /* InfoPlist.strings */; };
		CE89558214969BB90044CF31 /* main.m in Sources */ = {isa = PBXBuildFile; fileRef = CE89558114969BB90044CF31 /* main.m */; };
		CE89558514969BB90044CF31 /* GearsAppDelegate.m in Sources */ = {isa = PBXBuildFile; fileRef = CE89558414969BB90044CF31 /* GearsAppDelegate.m */; };
		CE89558814969BB90044CF31 /* MainWindow.xib in Resources */ = {isa = PBXBuildFile; fileRef = CE89558614969BB90044CF31 /* MainWindow.xib */; };
		CE89558A14969BB90044CF31 /* Shader.fsh in Resources */ = {isa = PBXBuildFile; fileRef = CE89558914969BB90044CF31 /* Shader.fsh */; };
		CE89558C14969BB90044CF31 /* Shader.vsh in Resources */ = {isa = PBXBuildFile; fileRef = CE89558B14969BB90044CF31 /* Shader.vsh */; };
		CE89558F14969BB90044CF31 /* EAGLView.m in Sources */ = {isa = PBXBuildFile; fileRef = CE89558E14969BB90044CF31 /* EAGLView.m */; };
		CE89559214969BBA0044CF31 /* GearsViewController.m in Sources */ = {isa = PBXBuildFile; fileRef = CE89559114969BBA0044CF31 /* GearsViewController.m */; };
		CE89559514969BBA0044CF31 /* GearsViewController.xib in Resources */ = {isa = PBXBuildFile; fileRef = CE89559314969BBA0044CF31 /* GearsViewController.xib */; };
/* End PBXBuildFile section */

/* Begin PBXFileReference section */
		CE89556C14969BB90044CF31 /* Gears.app */ = {isa = PBXFileReference; explicitFileType = wrapper.application; includeInIndex = 0; path = Gears.app; sourceTree = BUILT_PRODUCTS_DIR; };
		CE89557014969BB90044CF31 /* UIKit.framework */ = {isa = PBXFileReference; lastKnownFileType = wrapper.framework; name = UIKit.framework; path = System/Library/Frameworks/UIKit.framework; sourceTree = SDKROOT; };
		CE89557214969BB90044CF31 /* Foundation.framework */ = {isa = PBXFileReference; lastKnownFileType = wrapper.framework; name = Foundation.framework; path = System/Library/Frameworks/Foundation.framework; sourceTree = SDKROOT; };
		CE89557414969BB90044CF31 /* CoreGraphics.framework */ = {isa = PBXFileReference; lastKnownFileType = wrapper.framework; name = CoreGraphics.framework; path = System/Library/Frameworks/CoreGraphics.framework; sourceTree = SDKROOT; };
		CE89557614969BB90044CF31 /* QuartzCore.framework */ = {isa = PBXFileReference; lastKnownFileType = wrapper.framework; name = QuartzCore.framework; path = System/Library/Frameworks/QuartzCore.framework; sourceTree = SDKROOT; };
		CE89557814969BB90044CF31 /* OpenGLES.framework */ = {isa = PBXFileReference; lastKnownFileType = wrapper.framework; name = OpenGLES.framework; path = System/Library/Frameworks/OpenGLES.framework; sourceTree = SDKROOT; };
		CE89557C14969BB90044CF31 /* Gears-Info.plist */ = {isa = PBXFileReference; lastKnownFileType = text.plist.xml; path = "Gears-Info.plist"; sourceTree = "<group>"; };
		CE89557E14969BB90044CF31 /* en */ = {isa = PBXFileReference; lastKnownFileType = text.plist.strings; name = en; path = en.lproj/InfoPlist.strings; sourceTree = "<group>"; };
		CE89558014969BB90044CF31 /* Gears-Prefix.pch */ = {isa = PBXFileReference; lastKnownFileType = sourcecode.c.h; path = "Gears-Prefix.pch"; sourceTree = "<group>"; };
		CE89558114969BB90044CF31 /* main.m */ = {isa = PBXFileReference; lastKnownFileType = sourcecode.c.objc; path = main.m; sourceTree = "<group>"; };
		CE89558314969BB90044CF31 /* GearsAppDelegate.h */ = {isa = PBXFileReference; lastKnownFileType = sourcecode.c.h; path = GearsAppDelegate.h; sourceTree = "<group>"; };
		CE89558414969BB90044CF31 /* GearsAppDelegate.m */ = {isa = PBXFileReference; lastKnownFileType = sourcecode.c.objc; path = GearsAppDelegate.m; sourceTree = "<group>"; };
		CE89558714969BB90044CF31 /* en */ = {isa = PBXFileReference; lastKnownFileType = file.xib; name = en; path = en.lproj/MainWindow.xib; sourceTree = "<group>"; };
		CE89558914969BB90044CF31 /* Shader.fsh */ = {isa = PBXFileReference; lastKnownFileType = sourcecode.glsl; name = Shader.fsh; path = Shaders/Shader.fsh; sourceTree = "<group>"; };
		CE89558B14969BB90044CF31 /* Shader.vsh */ = {isa = PBXFileReference; lastKnownFileType = sourcecode.glsl; name = Shader.vsh; path = Shaders/Shader.vsh; sourceTree = "<group>"; };
		CE89558D14969BB90044CF31 /* EAGLView.h */ = {isa = PBXFileReference; lastKnownFileType = sourcecode.c.h; path = EAGLView.h; sourceTree = "<group>"; };
		CE89558E14969BB90044CF31 /* EAGLView.m */ = {isa = PBXFileReference; lastKnownFileType = sourcecode.c.objc; path = EAGLView.m; sourceTree = "<group>"; };
		CE89559014969BBA0044CF31 /* GearsViewController.h */ = {isa = PBXFileReference; lastKnownFileType = sourcecode.c.h; path = GearsViewController.h; sourceTree = "<group>"; };
		CE89559114969BBA0044CF31 /* GearsViewController.m */ = {isa = PBXFileReference; lastKnownFileType = sourcecode.c.objc; path = GearsViewController.m; sourceTree = "<group>"; };
		CE89559414969BBA0044CF31 /* en */ = {isa = PBXFileReference; lastKnownFileType = file.xib; name = en; path = en.lproj/GearsViewController.xib; sourceTree = "<group>"; };
/* End PBXFileReference section */

/* Begin PBXFrameworksBuildPhase section */
		CE89556914969BB90044CF31 /* Frameworks */ = {
			isa = PBXFrameworksBuildPhase;
			buildActionMask = 2147483647;
			files = (
				CE89557114969BB90044CF31 /* UIKit.framework in Frameworks */,
				CE89557314969BB90044CF31 /* Foundation.framework in Frameworks */,
				CE89557514969BB90044CF31 /* CoreGraphics.framework in Frameworks */,
				CE89557714969BB90044CF31 /* QuartzCore.framework in Frameworks */,
				CE89557914969BB90044CF31 /* OpenGLES.framework in Frameworks */,
			);
			runOnlyForDeploymentPostprocessing = 0;
		};
/* End PBXFrameworksBuildPhase section */

/* Begin PBXGroup section */
		CE89556114969BB90044CF31 = {
			isa = PBXGroup;
			children = (
				CE89557A14969BB90044CF31 /* Gears */,
				CE89556F14969BB90044CF31 /* Frameworks */,
				CE89556D14969BB90044CF31 /* Products */,
			);
			sourceTree = "<group>";
		};
		CE89556D14969BB90044CF31 /* Products */ = {
			isa = PBXGroup;
			children = (
				CE89556C14969BB90044CF31 /* Gears.app */,
			);
			name = Products;
			sourceTree = "<group>";
		};
		CE89556F14969BB90044CF31 /* Frameworks */ = {
			isa = PBXGroup;
			children = (
				CE89557014969BB90044CF31 /* UIKit.framework */,
				CE89557214969BB90044CF31 /* Foundation.framework */,
				CE89557414969BB90044CF31 /* CoreGraphics.framework */,
				CE89557614969BB90044CF31 /* QuartzCore.framework */,
				CE89557814969BB90044CF31 /* OpenGLES.framework */,
			);
			name = Frameworks;
			sourceTree = "<group>";
		};
		CE89557A14969BB90044CF31 /* Gears */ = {
			isa = PBXGroup;
			children = (
				CE89558314969BB90044CF31 /* GearsAppDelegate.h */,
				CE89558414969BB90044CF31 /* GearsAppDelegate.m */,
				CE89558614969BB90044CF31 /* MainWindow.xib */,
				CE89558914969BB90044CF31 /* Shader.fsh */,
				CE89558B14969BB90044CF31 /* Shader.vsh */,
				CE89558D14969BB90044CF31 /* EAGLView.h */,
				CE89558E14969BB90044CF31 /* EAGLView.m */,
				CE89559014969BBA0044CF31 /* GearsViewController.h */,
				CE89559114969BBA0044CF31 /* GearsViewController.m */,
				CE89559314969BBA0044CF31 /* GearsViewController.xib */,
				CE89557B14969BB90044CF31 /* Supporting Files */,
			);
			path = Gears;
			sourceTree = "<group>";
		};
		CE89557B14969BB90044CF31 /* Supporting Files */ = {
			isa = PBXGroup;
			children = (
				CE89557C14969BB90044CF31 /* Gears-Info.plist */,
				CE89557D14969BB90044CF31 /* InfoPlist.strings */,
				CE89558014969BB90044CF31 /* Gears-Prefix.pch */,
				CE89558114969BB90044CF31 /* main.m */,
			);
			name = "Supporting Files";
			sourceTree = "<group>";
		};
/* End PBXGroup section */

/* Begin PBXNativeTarget section */
		CE89556B14969BB90044CF31 /* Gears */ = {
			isa = PBXNativeTarget;
			buildConfigurationList = CE89559814969BBA0044CF31 /* Build configuration list for PBXNativeTarget "Gears" */;
			buildPhases = (
				CE89556814969BB90044CF31 /* Sources */,
				CE89556914969BB90044CF31 /* Frameworks */,
				CE89556A14969BB90044CF31 /* Resources */,
			);
			buildRules = (
			);
			dependencies = (
			);
			name = Gears;
			productName = Gears;
			productReference = CE89556C14969BB90044CF31 /* Gears.app */;
			productType = "com.apple.product-type.application";
		};
/* End PBXNativeTarget section */

/* Begin PBXProject section */
		CE89556314969BB90044CF31 /* Project object */ = {
			isa = PBXProject;
			buildConfigurationList = CE89556614969BB90044CF31 /* Build configuration list for PBXProject "Gears" */;
			compatibilityVersion = "Xcode 3.2";
			developmentRegion = English;
			hasScannedForEncodings = 0;
			knownRegions = (
				en,
			);
			mainGroup = CE89556114969BB90044CF31;
			productRefGroup = CE89556D14969BB90044CF31 /* Products */;
			projectDirPath = "";
			projectRoot = "";
			targets = (
				CE89556B14969BB90044CF31 /* Gears */,
			);
		};
/* End PBXProject section */

/* Begin PBXResourcesBuildPhase section */
		CE89556A14969BB90044CF31 /* Resources */ = {
			isa = PBXResourcesBuildPhase;
			buildActionMask = 2147483647;
			files = (
				CE89557F14969BB90044CF31 /* InfoPlist.strings in Resources */,
				CE89558814969BB90044CF31 /* MainWindow.xib in Resources */,
				CE89558A14969BB90044CF31 /* Shader.fsh in Resources */,
				CE89558C14969BB90044CF31 /* Shader.vsh in Resources */,
				CE89559514969BBA0044CF31 /* GearsViewController.xib in Resources */,
			);
			runOnlyForDeploymentPostprocessing = 0;
		};
/* End PBXResourcesBuildPhase section */

/* Begin PBXSourcesBuildPhase section */
		CE89556814969BB90044CF31 /* Sources */ = {
			isa = PBXSourcesBuildPhase;
			buildActionMask = 2147483647;
			files = (
				CE89558214969BB90044CF31 /* main.m in Sources */,
				CE89558514969BB90044CF31 /* GearsAppDelegate.m in Sources */,
				CE89558F14969BB90044CF31 /* EAGLView.m in Sources */,
				CE89559214969BBA0044CF31 /* GearsViewController.m in Sources */,
			);
			runOnlyForDeploymentPostprocessing = 0;
		};
/* End PBXSourcesBuildPhase section */

/* Begin PBXVariantGroup section */
		CE89557D14969BB90044CF31 /* InfoPlist.strings */ = {
			isa = PBXVariantGroup;
			children = (
				CE89557E14969BB90044CF31 /* en */,
			);
			name = InfoPlist.strings;
			sourceTree = "<group>";
		};
		CE89558614969BB90044CF31 /* MainWindow.xib */ = {
			isa = PBXVariantGroup;
			children = (
				CE89558714969BB90044CF31 /* en */,
			);
			name = MainWindow.xib;
			sourceTree = "<group>";
		};
		CE89559314969BBA0044CF31 /* GearsViewController.xib */ = {
			isa = PBXVariantGroup;
			children = (
				CE89559414969BBA0044CF31 /* en */,
			);
			name = GearsViewController.xib;
			sourceTree = "<group>";
		};
/* End PBXVariantGroup section */

/* Begin XCBuildConfiguration section */
		CE89559614969BBA0044CF31 /* Debug */ = {
			isa = XCBuildConfiguration;
			buildSettings = {
				ARCHS = "$(ARCHS_STANDARD_32_BIT)";
				"CODE_SIGN_IDENTITY[sdk=iphoneos*]" = "iPhone Developer";
				GCC_C_LANGUAGE_STANDARD = gnu99;
				GCC_OPTIMIZATION_LEVEL = 0;
				GCC_PREPROCESSOR_DEFINITIONS = DEBUG;
				GCC_SYMBOLS_PRIVATE_EXTERN = NO;
				GCC_VERSION = com.apple.compilers.llvmgcc42;
				GCC_WARN_ABOUT_RETURN_TYPE = YES;
				GCC_WARN_UNUSED_VARIABLE = YES;
				IPHONEOS_DEPLOYMENT_TARGET = 4.3;
				SDKROOT = iphoneos;
			};
			name = Debug;
		};
		CE89559714969BBA0044CF31 /* Release */ = {
			isa = XCBuildConfiguration;
			buildSettings = {
				ARCHS = "$(ARCHS_STANDARD_32_BIT)";
				"CODE_SIGN_IDENTITY[sdk=iphoneos*]" = "iPhone Developer";
				GCC_C_LANGUAGE_STANDARD = gnu99;
				GCC_VERSION = com.apple.compilers.llvmgcc42;
				GCC_WARN_ABOUT_RETURN_TYPE = YES;
				GCC_WARN_UNUSED_VARIABLE = YES;
				IPHONEOS_DEPLOYMENT_TARGET = 4.3;
				OTHER_CFLAGS = "-DNS_BLOCK_ASSERTIONS=1";
				SDKROOT = iphoneos;
			};
			name = Release;
		};
		CE89559914969BBA0044CF31 /* Debug */ = {
			isa = XCBuildConfiguration;
			buildSettings = {
				ALWAYS_SEARCH_USER_PATHS = NO;
				COPY_PHASE_STRIP = NO;
				GCC_DYNAMIC_NO_PIC = NO;
				GCC_PRECOMPILE_PREFIX_HEADER = YES;
				GCC_PREFIX_HEADER = "Gears/Gears-Prefix.pch";
				"GCC_THUMB_SUPPORT[arch=armv6]" = "";
				INFOPLIST_FILE = "Gears/Gears-Info.plist";
				PRODUCT_NAME = "$(TARGET_NAME)";
				WRAPPER_EXTENSION = app;
			};
			name = Debug;
		};
		CE89559A14969BBA0044CF31 /* Release */ = {
			isa = XCBuildConfiguration;
			buildSettings = {
				ALWAYS_SEARCH_USER_PATHS = NO;
				COPY_PHASE_STRIP = YES;
				GCC_PRECOMPILE_PREFIX_HEADER = YES;
				GCC_PREFIX_HEADER = "Gears/Gears-Prefix.pch";
				"GCC_THUMB_SUPPORT[arch=armv6]" = "";
				INFOPLIST_FILE = "Gears/Gears-Info.plist";
				PRODUCT_NAME = "$(TARGET_NAME)";
				VALIDATE_PRODUCT = YES;
				WRAPPER_EXTENSION = app;
			};
			name = Release;
		};
/* End XCBuildConfiguration section */

/* Begin XCConfigurationList section */
		CE89556614969BB90044CF31 /* Build configuration list for PBXProject "Gears" */ = {
			isa = XCConfigurationList;
			buildConfigurations = (
				CE89559614969BBA0044CF31 /* Debug */,
				CE89559714969BBA0044CF31 /* Release */,
			);
			defaultConfigurationIsVisible = 0;
			defaultConfigurationName = Release;
		};
		CE89559814969BBA0044CF31 /* Build configuration list for PBXNativeTarget "Gears" */ = {
			isa = XCConfigurationList;
			buildConfigurations = (
				CE89559914969BBA0044CF31 /* Debug */,
				CE89559A14969BBA0044CF31 /* Release */,
			);
			defaultConfigurationIsVisible = 0;
		};
/* End XCConfigurationList section */
	};
	rootObject = CE89556314969BB90044CF31 /* Project object */;
}
