// !$*UTF8*$!
{
	archiveVersion = 1;
	classes = {
	};
	objectVersion = 46;
	objects = {

/* Begin PBXBuildFile section */
		CE2B6F6114C9B381005F81F6 /* gluLookAt.cpp in Sources */ = {isa = PBXBuildFile; fileRef = CE2B6F5F14C9B381005F81F6 /* gluLookAt.cpp */; };
		CE46DA3614C8B2DA007CDB4C /* Edge.m in Sources */ = {isa = PBXBuildFile; fileRef = CE46DA3514C8B2DA007CDB4C /* Edge.m */; };
		CE833C4114BB102B00D0C413 /* Vertex.cpp in Sources */ = {isa = PBXBuildFile; fileRef = CE833C3F14BB102B00D0C413 /* Vertex.cpp */; };
		CE833C4514BB32A300D0C413 /* Triangle.cpp in Sources */ = {isa = PBXBuildFile; fileRef = CE833C4314BB32A300D0C413 /* Triangle.cpp */; };
		CE833C4814BB360900D0C413 /* SceneGraphNode.cpp in Sources */ = {isa = PBXBuildFile; fileRef = CE833C4614BB360900D0C413 /* SceneGraphNode.cpp */; };
		CE8BA27114C9E8D300983958 /* Gear.obj in Resources */ = {isa = PBXBuildFile; fileRef = CE8BA27014C9E8D300983958 /* Gear.obj */; };
		CE8D94E114C767D0000875A5 /* Face.m in Sources */ = {isa = PBXBuildFile; fileRef = CE8D94DC14C767D0000875A5 /* Face.m */; };
		CE8D94E214C767D0000875A5 /* Gear.m in Sources */ = {isa = PBXBuildFile; fileRef = CE8D94DE14C767D0000875A5 /* Gear.m */; };
		CE8D94E614C767DD000875A5 /* Model.m in Sources */ = {isa = PBXBuildFile; fileRef = CE8D94E514C767DD000875A5 /* Model.m */; };
		CE8D94E914C767E9000875A5 /* Tile.m in Sources */ = {isa = PBXBuildFile; fileRef = CE8D94E814C767E9000875A5 /* Tile.m */; };
		CE8F574C14BB560600911BA9 /* MeshNode.cpp in Sources */ = {isa = PBXBuildFile; fileRef = CE8F574A14BB560600911BA9 /* MeshNode.cpp */; };
		CE91208E14C7398A00F97A0E /* LightNode.cpp in Sources */ = {isa = PBXBuildFile; fileRef = CE91208C14C7398900F97A0E /* LightNode.cpp */; };
		CE91209214C744E400F97A0E /* TransformNode.cpp in Sources */ = {isa = PBXBuildFile; fileRef = CE91209014C744E300F97A0E /* TransformNode.cpp */; };
		CE91209514C7496800F97A0E /* Material.cpp in Sources */ = {isa = PBXBuildFile; fileRef = CE91209314C7496600F97A0E /* Material.cpp */; };
		CEB0D97F14C9A10B008705E5 /* OBJFileLoader.cpp in Sources */ = {isa = PBXBuildFile; fileRef = CEB0D97D14C9A10B008705E5 /* OBJFileLoader.cpp */; };
		CEB0EB6C14C85675005A33FC /* SceneGraphRenderer.cpp in Sources */ = {isa = PBXBuildFile; fileRef = CEB0EB6A14C85675005A33FC /* SceneGraphRenderer.cpp */; };
		CEBDA5A514C5EA540051E755 /* Transform.cpp in Sources */ = {isa = PBXBuildFile; fileRef = CEBDA5A314C5EA540051E755 /* Transform.cpp */; };
		CEBDA5AB14C619CC0051E755 /* EngineUtils.cpp in Sources */ = {isa = PBXBuildFile; fileRef = CEBDA5A914C619CC0051E755 /* EngineUtils.cpp */; };
		CEC9D7C914AC9BDB000F7EE1 /* UIKit.framework in Frameworks */ = {isa = PBXBuildFile; fileRef = CEC9D7C814AC9BDB000F7EE1 /* UIKit.framework */; };
		CEC9D7CB14AC9BDB000F7EE1 /* Foundation.framework in Frameworks */ = {isa = PBXBuildFile; fileRef = CEC9D7CA14AC9BDB000F7EE1 /* Foundation.framework */; };
		CEC9D7CD14AC9BDB000F7EE1 /* CoreGraphics.framework in Frameworks */ = {isa = PBXBuildFile; fileRef = CEC9D7CC14AC9BDB000F7EE1 /* CoreGraphics.framework */; };
		CEC9D7CF14AC9BDB000F7EE1 /* QuartzCore.framework in Frameworks */ = {isa = PBXBuildFile; fileRef = CEC9D7CE14AC9BDB000F7EE1 /* QuartzCore.framework */; };
		CEC9D7D114AC9BDB000F7EE1 /* OpenGLES.framework in Frameworks */ = {isa = PBXBuildFile; fileRef = CEC9D7D014AC9BDB000F7EE1 /* OpenGLES.framework */; };
		CEC9D7D714AC9BDB000F7EE1 /* InfoPlist.strings in Resources */ = {isa = PBXBuildFile; fileRef = CEC9D7D514AC9BDB000F7EE1 /* InfoPlist.strings */; };
		CEC9D7DA14AC9BDB000F7EE1 /* main.m in Sources */ = {isa = PBXBuildFile; fileRef = CEC9D7D914AC9BDB000F7EE1 /* main.m */; };
		CEC9D7DD14AC9BDB000F7EE1 /* MechanisticAppDelegate.m in Sources */ = {isa = PBXBuildFile; fileRef = CEC9D7DC14AC9BDB000F7EE1 /* MechanisticAppDelegate.m */; };
		CEC9D7E014AC9BDC000F7EE1 /* MainWindow.xib in Resources */ = {isa = PBXBuildFile; fileRef = CEC9D7DE14AC9BDC000F7EE1 /* MainWindow.xib */; };
		CEC9D7E214AC9BDC000F7EE1 /* Shader.fsh in Resources */ = {isa = PBXBuildFile; fileRef = CEC9D7E114AC9BDC000F7EE1 /* Shader.fsh */; };
		CEC9D7E414AC9BDC000F7EE1 /* Shader.vsh in Resources */ = {isa = PBXBuildFile; fileRef = CEC9D7E314AC9BDC000F7EE1 /* Shader.vsh */; };
		CEC9D7E714AC9BDC000F7EE1 /* EAGLView.m in Sources */ = {isa = PBXBuildFile; fileRef = CEC9D7E614AC9BDC000F7EE1 /* EAGLView.m */; };
		CEC9D7EA14AC9BDC000F7EE1 /* MechanisticViewController.mm in Sources */ = {isa = PBXBuildFile; fileRef = CEC9D7E914AC9BDC000F7EE1 /* MechanisticViewController.mm */; };
		CEC9D7ED14AC9BDC000F7EE1 /* MechanisticViewController.xib in Resources */ = {isa = PBXBuildFile; fileRef = CEC9D7EB14AC9BDC000F7EE1 /* MechanisticViewController.xib */; };
/* End PBXBuildFile section */

/* Begin PBXFileReference section */
		CE2B6F5F14C9B381005F81F6 /* gluLookAt.cpp */ = {isa = PBXFileReference; fileEncoding = 4; lastKnownFileType = sourcecode.cpp.cpp; path = gluLookAt.cpp; sourceTree = "<group>"; };
		CE2B6F6014C9B381005F81F6 /* gluLookAt.h */ = {isa = PBXFileReference; fileEncoding = 4; lastKnownFileType = sourcecode.c.h; path = gluLookAt.h; sourceTree = "<group>"; };
		CE46DA3414C8B2DA007CDB4C /* Edge.h */ = {isa = PBXFileReference; fileEncoding = 4; lastKnownFileType = sourcecode.c.h; path = Edge.h; sourceTree = "<group>"; };
		CE46DA3514C8B2DA007CDB4C /* Edge.m */ = {isa = PBXFileReference; fileEncoding = 4; lastKnownFileType = sourcecode.c.objc; path = Edge.m; sourceTree = "<group>"; };
		CE833C3F14BB102B00D0C413 /* Vertex.cpp */ = {isa = PBXFileReference; fileEncoding = 4; lastKnownFileType = sourcecode.cpp.cpp; path = Vertex.cpp; sourceTree = "<group>"; };
		CE833C4014BB102B00D0C413 /* Vertex.h */ = {isa = PBXFileReference; fileEncoding = 4; lastKnownFileType = sourcecode.c.h; path = Vertex.h; sourceTree = "<group>"; };
		CE833C4314BB32A300D0C413 /* Triangle.cpp */ = {isa = PBXFileReference; fileEncoding = 4; lastKnownFileType = sourcecode.cpp.cpp; path = Triangle.cpp; sourceTree = "<group>"; };
		CE833C4414BB32A300D0C413 /* Triangle.h */ = {isa = PBXFileReference; fileEncoding = 4; lastKnownFileType = sourcecode.c.h; path = Triangle.h; sourceTree = "<group>"; };
		CE833C4614BB360900D0C413 /* SceneGraphNode.cpp */ = {isa = PBXFileReference; fileEncoding = 4; lastKnownFileType = sourcecode.cpp.cpp; path = SceneGraphNode.cpp; sourceTree = "<group>"; };
		CE833C4714BB360900D0C413 /* SceneGraphNode.h */ = {isa = PBXFileReference; fileEncoding = 4; lastKnownFileType = sourcecode.c.h; path = SceneGraphNode.h; sourceTree = "<group>"; };
		CE8BA27014C9E8D300983958 /* Gear.obj */ = {isa = PBXFileReference; fileEncoding = 4; lastKnownFileType = text; path = Gear.obj; sourceTree = "<group>"; };
		CE8D94DB14C767D0000875A5 /* Face.h */ = {isa = PBXFileReference; fileEncoding = 4; lastKnownFileType = sourcecode.c.h; path = Face.h; sourceTree = "<group>"; };
		CE8D94DC14C767D0000875A5 /* Face.m */ = {isa = PBXFileReference; fileEncoding = 4; lastKnownFileType = sourcecode.c.objc; path = Face.m; sourceTree = "<group>"; };
		CE8D94DD14C767D0000875A5 /* Gear.h */ = {isa = PBXFileReference; fileEncoding = 4; lastKnownFileType = sourcecode.c.h; path = Gear.h; sourceTree = "<group>"; };
		CE8D94DE14C767D0000875A5 /* Gear.m */ = {isa = PBXFileReference; fileEncoding = 4; lastKnownFileType = sourcecode.c.objc; path = Gear.m; sourceTree = "<group>"; };
		CE8D94E414C767DD000875A5 /* Model.h */ = {isa = PBXFileReference; fileEncoding = 4; lastKnownFileType = sourcecode.c.h; path = Model.h; sourceTree = "<group>"; };
		CE8D94E514C767DD000875A5 /* Model.m */ = {isa = PBXFileReference; fileEncoding = 4; lastKnownFileType = sourcecode.c.objc; path = Model.m; sourceTree = "<group>"; };
		CE8D94E714C767E9000875A5 /* Tile.h */ = {isa = PBXFileReference; fileEncoding = 4; lastKnownFileType = sourcecode.c.h; path = Tile.h; sourceTree = "<group>"; };
		CE8D94E814C767E9000875A5 /* Tile.m */ = {isa = PBXFileReference; fileEncoding = 4; lastKnownFileType = sourcecode.c.objc; path = Tile.m; sourceTree = "<group>"; };
		CE8F574A14BB560600911BA9 /* MeshNode.cpp */ = {isa = PBXFileReference; fileEncoding = 4; lastKnownFileType = sourcecode.cpp.cpp; path = MeshNode.cpp; sourceTree = "<group>"; };
		CE8F574B14BB560600911BA9 /* MeshNode.h */ = {isa = PBXFileReference; fileEncoding = 4; lastKnownFileType = sourcecode.c.h; path = MeshNode.h; sourceTree = "<group>"; };
		CE91208C14C7398900F97A0E /* LightNode.cpp */ = {isa = PBXFileReference; fileEncoding = 4; lastKnownFileType = sourcecode.cpp.cpp; path = LightNode.cpp; sourceTree = "<group>"; };
		CE91208D14C7398900F97A0E /* LightNode.h */ = {isa = PBXFileReference; fileEncoding = 4; lastKnownFileType = sourcecode.c.h; path = LightNode.h; sourceTree = "<group>"; };
		CE91209014C744E300F97A0E /* TransformNode.cpp */ = {isa = PBXFileReference; fileEncoding = 4; lastKnownFileType = sourcecode.cpp.cpp; path = TransformNode.cpp; sourceTree = "<group>"; };
		CE91209114C744E300F97A0E /* TransformNode.h */ = {isa = PBXFileReference; fileEncoding = 4; lastKnownFileType = sourcecode.c.h; path = TransformNode.h; sourceTree = "<group>"; };
		CE91209314C7496600F97A0E /* Material.cpp */ = {isa = PBXFileReference; fileEncoding = 4; lastKnownFileType = sourcecode.cpp.cpp; path = Material.cpp; sourceTree = "<group>"; };
		CE91209414C7496700F97A0E /* Material.h */ = {isa = PBXFileReference; fileEncoding = 4; lastKnownFileType = sourcecode.c.h; path = Material.h; sourceTree = "<group>"; };
		CEB0D97D14C9A10B008705E5 /* OBJFileLoader.cpp */ = {isa = PBXFileReference; fileEncoding = 4; lastKnownFileType = sourcecode.cpp.cpp; path = OBJFileLoader.cpp; sourceTree = "<group>"; };
		CEB0D97E14C9A10B008705E5 /* OBJFileLoader.h */ = {isa = PBXFileReference; fileEncoding = 4; lastKnownFileType = sourcecode.c.h; path = OBJFileLoader.h; sourceTree = "<group>"; };
		CEB0EB6A14C85675005A33FC /* SceneGraphRenderer.cpp */ = {isa = PBXFileReference; fileEncoding = 4; lastKnownFileType = sourcecode.cpp.cpp; path = SceneGraphRenderer.cpp; sourceTree = "<group>"; };
		CEB0EB6B14C85675005A33FC /* SceneGraphRenderer.h */ = {isa = PBXFileReference; fileEncoding = 4; lastKnownFileType = sourcecode.c.h; path = SceneGraphRenderer.h; sourceTree = "<group>"; };
		CEBDA5A314C5EA540051E755 /* Transform.cpp */ = {isa = PBXFileReference; fileEncoding = 4; lastKnownFileType = sourcecode.cpp.cpp; path = Transform.cpp; sourceTree = "<group>"; };
		CEBDA5A414C5EA540051E755 /* Transform.h */ = {isa = PBXFileReference; fileEncoding = 4; lastKnownFileType = sourcecode.c.h; path = Transform.h; sourceTree = "<group>"; };
		CEBDA5A914C619CC0051E755 /* EngineUtils.cpp */ = {isa = PBXFileReference; fileEncoding = 4; lastKnownFileType = sourcecode.cpp.cpp; path = EngineUtils.cpp; sourceTree = "<group>"; };
		CEBDA5AA14C619CC0051E755 /* EngineUtils.h */ = {isa = PBXFileReference; fileEncoding = 4; lastKnownFileType = sourcecode.c.h; path = EngineUtils.h; sourceTree = "<group>"; };
		CEC9D7C414AC9BDB000F7EE1 /* Mechanistic.app */ = {isa = PBXFileReference; explicitFileType = wrapper.application; includeInIndex = 0; path = Mechanistic.app; sourceTree = BUILT_PRODUCTS_DIR; };
		CEC9D7C814AC9BDB000F7EE1 /* UIKit.framework */ = {isa = PBXFileReference; lastKnownFileType = wrapper.framework; name = UIKit.framework; path = System/Library/Frameworks/UIKit.framework; sourceTree = SDKROOT; };
		CEC9D7CA14AC9BDB000F7EE1 /* Foundation.framework */ = {isa = PBXFileReference; lastKnownFileType = wrapper.framework; name = Foundation.framework; path = System/Library/Frameworks/Foundation.framework; sourceTree = SDKROOT; };
		CEC9D7CC14AC9BDB000F7EE1 /* CoreGraphics.framework */ = {isa = PBXFileReference; lastKnownFileType = wrapper.framework; name = CoreGraphics.framework; path = System/Library/Frameworks/CoreGraphics.framework; sourceTree = SDKROOT; };
		CEC9D7CE14AC9BDB000F7EE1 /* QuartzCore.framework */ = {isa = PBXFileReference; lastKnownFileType = wrapper.framework; name = QuartzCore.framework; path = System/Library/Frameworks/QuartzCore.framework; sourceTree = SDKROOT; };
		CEC9D7D014AC9BDB000F7EE1 /* OpenGLES.framework */ = {isa = PBXFileReference; lastKnownFileType = wrapper.framework; name = OpenGLES.framework; path = System/Library/Frameworks/OpenGLES.framework; sourceTree = SDKROOT; };
		CEC9D7D414AC9BDB000F7EE1 /* Mechanistic-Info.plist */ = {isa = PBXFileReference; lastKnownFileType = text.plist.xml; path = "Mechanistic-Info.plist"; sourceTree = "<group>"; };
		CEC9D7D614AC9BDB000F7EE1 /* en */ = {isa = PBXFileReference; lastKnownFileType = text.plist.strings; name = en; path = en.lproj/InfoPlist.strings; sourceTree = "<group>"; };
		CEC9D7D814AC9BDB000F7EE1 /* Mechanistic-Prefix.pch */ = {isa = PBXFileReference; lastKnownFileType = sourcecode.c.h; path = "Mechanistic-Prefix.pch"; sourceTree = "<group>"; };
		CEC9D7D914AC9BDB000F7EE1 /* main.m */ = {isa = PBXFileReference; lastKnownFileType = sourcecode.c.objc; path = main.m; sourceTree = "<group>"; };
		CEC9D7DB14AC9BDB000F7EE1 /* MechanisticAppDelegate.h */ = {isa = PBXFileReference; lastKnownFileType = sourcecode.c.h; path = MechanisticAppDelegate.h; sourceTree = "<group>"; };
		CEC9D7DC14AC9BDB000F7EE1 /* MechanisticAppDelegate.m */ = {isa = PBXFileReference; lastKnownFileType = sourcecode.c.objc; path = MechanisticAppDelegate.m; sourceTree = "<group>"; };
		CEC9D7DF14AC9BDC000F7EE1 /* en */ = {isa = PBXFileReference; lastKnownFileType = file.xib; name = en; path = en.lproj/MainWindow.xib; sourceTree = "<group>"; };
		CEC9D7E114AC9BDC000F7EE1 /* Shader.fsh */ = {isa = PBXFileReference; lastKnownFileType = sourcecode.glsl; name = Shader.fsh; path = Shaders/Shader.fsh; sourceTree = "<group>"; };
		CEC9D7E314AC9BDC000F7EE1 /* Shader.vsh */ = {isa = PBXFileReference; lastKnownFileType = sourcecode.glsl; name = Shader.vsh; path = Shaders/Shader.vsh; sourceTree = "<group>"; };
		CEC9D7E514AC9BDC000F7EE1 /* EAGLView.h */ = {isa = PBXFileReference; lastKnownFileType = sourcecode.c.h; path = EAGLView.h; sourceTree = "<group>"; };
		CEC9D7E614AC9BDC000F7EE1 /* EAGLView.m */ = {isa = PBXFileReference; lastKnownFileType = sourcecode.c.objc; path = EAGLView.m; sourceTree = "<group>"; };
		CEC9D7E814AC9BDC000F7EE1 /* MechanisticViewController.h */ = {isa = PBXFileReference; lastKnownFileType = sourcecode.c.h; path = MechanisticViewController.h; sourceTree = "<group>"; };
		CEC9D7E914AC9BDC000F7EE1 /* MechanisticViewController.mm */ = {isa = PBXFileReference; lastKnownFileType = sourcecode.cpp.objcpp; path = MechanisticViewController.mm; sourceTree = "<group>"; };
		CEC9D7EC14AC9BDC000F7EE1 /* en */ = {isa = PBXFileReference; lastKnownFileType = file.xib; name = en; path = en.lproj/MechanisticViewController.xib; sourceTree = "<group>"; };
/* End PBXFileReference section */

/* Begin PBXFrameworksBuildPhase section */
		CEC9D7C114AC9BDB000F7EE1 /* Frameworks */ = {
			isa = PBXFrameworksBuildPhase;
			buildActionMask = 2147483647;
			files = (
				CEC9D7C914AC9BDB000F7EE1 /* UIKit.framework in Frameworks */,
				CEC9D7CB14AC9BDB000F7EE1 /* Foundation.framework in Frameworks */,
				CEC9D7CD14AC9BDB000F7EE1 /* CoreGraphics.framework in Frameworks */,
				CEC9D7CF14AC9BDB000F7EE1 /* QuartzCore.framework in Frameworks */,
				CEC9D7D114AC9BDB000F7EE1 /* OpenGLES.framework in Frameworks */,
			);
			runOnlyForDeploymentPostprocessing = 0;
		};
/* End PBXFrameworksBuildPhase section */

/* Begin PBXGroup section */
		CE8BA26F14C9E8D300983958 /* Meshes */ = {
			isa = PBXGroup;
			children = (
				CE8BA27014C9E8D300983958 /* Gear.obj */,
			);
			path = Meshes;
			sourceTree = "<group>";
		};
		CEC4602B14C9C0DD009900D0 /* 3D Engine */ = {
			isa = PBXGroup;
			children = (
				CE833C3F14BB102B00D0C413 /* Vertex.cpp */,
				CE833C4014BB102B00D0C413 /* Vertex.h */,
				CE833C4314BB32A300D0C413 /* Triangle.cpp */,
				CE833C4414BB32A300D0C413 /* Triangle.h */,
				CE833C4614BB360900D0C413 /* SceneGraphNode.cpp */,
				CE833C4714BB360900D0C413 /* SceneGraphNode.h */,
				CE8F574A14BB560600911BA9 /* MeshNode.cpp */,
				CE8F574B14BB560600911BA9 /* MeshNode.h */,
				CEBDA5A314C5EA540051E755 /* Transform.cpp */,
				CEBDA5A414C5EA540051E755 /* Transform.h */,
				CEBDA5A914C619CC0051E755 /* EngineUtils.cpp */,
				CEBDA5AA14C619CC0051E755 /* EngineUtils.h */,
				CE91208C14C7398900F97A0E /* LightNode.cpp */,
				CE91208D14C7398900F97A0E /* LightNode.h */,
				CE91209014C744E300F97A0E /* TransformNode.cpp */,
				CE91209114C744E300F97A0E /* TransformNode.h */,
				CE91209314C7496600F97A0E /* Material.cpp */,
				CE91209414C7496700F97A0E /* Material.h */,
				CEB0EB6A14C85675005A33FC /* SceneGraphRenderer.cpp */,
				CEB0EB6B14C85675005A33FC /* SceneGraphRenderer.h */,
				CEB0D97D14C9A10B008705E5 /* OBJFileLoader.cpp */,
				CEB0D97E14C9A10B008705E5 /* OBJFileLoader.h */,
			);
			name = "3D Engine";
			sourceTree = "<group>";
		};
		CEC4602C14C9C12E009900D0 /* Model */ = {
			isa = PBXGroup;
			children = (
				CE8D94E714C767E9000875A5 /* Tile.h */,
				CE8D94E814C767E9000875A5 /* Tile.m */,
				CE8D94E414C767DD000875A5 /* Model.h */,
				CE8D94E514C767DD000875A5 /* Model.m */,
				CE8D94DB14C767D0000875A5 /* Face.h */,
				CE8D94DC14C767D0000875A5 /* Face.m */,
				CE46DA3414C8B2DA007CDB4C /* Edge.h */,
				CE46DA3514C8B2DA007CDB4C /* Edge.m */,
				CE8D94DD14C767D0000875A5 /* Gear.h */,
				CE8D94DE14C767D0000875A5 /* Gear.m */,
			);
			name = Model;
			sourceTree = "<group>";
		};
		CEC9D7B914AC9BDA000F7EE1 = {
			isa = PBXGroup;
			children = (
				CEC9D7D214AC9BDB000F7EE1 /* Mechanistic */,
				CEC9D7C714AC9BDB000F7EE1 /* Frameworks */,
				CEC9D7C514AC9BDB000F7EE1 /* Products */,
			);
			sourceTree = "<group>";
		};
		CEC9D7C514AC9BDB000F7EE1 /* Products */ = {
			isa = PBXGroup;
			children = (
				CEC9D7C414AC9BDB000F7EE1 /* Mechanistic.app */,
			);
			name = Products;
			sourceTree = "<group>";
		};
		CEC9D7C714AC9BDB000F7EE1 /* Frameworks */ = {
			isa = PBXGroup;
			children = (
				CEC9D7C814AC9BDB000F7EE1 /* UIKit.framework */,
				CEC9D7CA14AC9BDB000F7EE1 /* Foundation.framework */,
				CEC9D7CC14AC9BDB000F7EE1 /* CoreGraphics.framework */,
				CEC9D7CE14AC9BDB000F7EE1 /* QuartzCore.framework */,
				CEC9D7D014AC9BDB000F7EE1 /* OpenGLES.framework */,
			);
			name = Frameworks;
			sourceTree = "<group>";
		};
		CEC9D7D214AC9BDB000F7EE1 /* Mechanistic */ = {
			isa = PBXGroup;
			children = (
				CEC4602C14C9C12E009900D0 /* Model */,
				CE2B6F6014C9B381005F81F6 /* gluLookAt.h */,
				CE2B6F5F14C9B381005F81F6 /* gluLookAt.cpp */,
				CEC9D7DB14AC9BDB000F7EE1 /* MechanisticAppDelegate.h */,
				CEC9D7DC14AC9BDB000F7EE1 /* MechanisticAppDelegate.m */,
				CEC9D7DE14AC9BDC000F7EE1 /* MainWindow.xib */,
				CEC9D7E114AC9BDC000F7EE1 /* Shader.fsh */,
				CE8BA26F14C9E8D300983958 /* Meshes */,
				CEC9D7E314AC9BDC000F7EE1 /* Shader.vsh */,
				CEC9D7E514AC9BDC000F7EE1 /* EAGLView.h */,
				CEC9D7E614AC9BDC000F7EE1 /* EAGLView.m */,
				CEC9D7E814AC9BDC000F7EE1 /* MechanisticViewController.h */,
				CEC9D7E914AC9BDC000F7EE1 /* MechanisticViewController.mm */,
				CEC9D7EB14AC9BDC000F7EE1 /* MechanisticViewController.xib */,
				CEC9D7D314AC9BDB000F7EE1 /* Supporting Files */,
				CEC4602B14C9C0DD009900D0 /* 3D Engine */,
			);
			path = Mechanistic;
			sourceTree = "<group>";
		};
		CEC9D7D314AC9BDB000F7EE1 /* Supporting Files */ = {
			isa = PBXGroup;
			children = (
				CEC9D7D414AC9BDB000F7EE1 /* Mechanistic-Info.plist */,
				CEC9D7D514AC9BDB000F7EE1 /* InfoPlist.strings */,
				CEC9D7D814AC9BDB000F7EE1 /* Mechanistic-Prefix.pch */,
				CEC9D7D914AC9BDB000F7EE1 /* main.m */,
			);
			name = "Supporting Files";
			sourceTree = "<group>";
		};
/* End PBXGroup section */

/* Begin PBXNativeTarget section */
		CEC9D7C314AC9BDB000F7EE1 /* Mechanistic */ = {
			isa = PBXNativeTarget;
			buildConfigurationList = CEC9D7F014AC9BDC000F7EE1 /* Build configuration list for PBXNativeTarget "Mechanistic" */;
			buildPhases = (
				CEC9D7C014AC9BDB000F7EE1 /* Sources */,
				CEC9D7C114AC9BDB000F7EE1 /* Frameworks */,
				CEC9D7C214AC9BDB000F7EE1 /* Resources */,
			);
			buildRules = (
			);
			dependencies = (
			);
			name = Mechanistic;
			productName = Mechanistic;
			productReference = CEC9D7C414AC9BDB000F7EE1 /* Mechanistic.app */;
			productType = "com.apple.product-type.application";
		};
/* End PBXNativeTarget section */

/* Begin PBXProject section */
		CEC9D7BB14AC9BDA000F7EE1 /* Project object */ = {
			isa = PBXProject;
			buildConfigurationList = CEC9D7BE14AC9BDA000F7EE1 /* Build configuration list for PBXProject "Mechanistic" */;
			compatibilityVersion = "Xcode 3.2";
			developmentRegion = English;
			hasScannedForEncodings = 0;
			knownRegions = (
				en,
			);
			mainGroup = CEC9D7B914AC9BDA000F7EE1;
			productRefGroup = CEC9D7C514AC9BDB000F7EE1 /* Products */;
			projectDirPath = "";
			projectRoot = "";
			targets = (
				CEC9D7C314AC9BDB000F7EE1 /* Mechanistic */,
			);
		};
/* End PBXProject section */

/* Begin PBXResourcesBuildPhase section */
		CEC9D7C214AC9BDB000F7EE1 /* Resources */ = {
			isa = PBXResourcesBuildPhase;
			buildActionMask = 2147483647;
			files = (
				CEC9D7D714AC9BDB000F7EE1 /* InfoPlist.strings in Resources */,
				CEC9D7E014AC9BDC000F7EE1 /* MainWindow.xib in Resources */,
				CEC9D7E214AC9BDC000F7EE1 /* Shader.fsh in Resources */,
				CEC9D7E414AC9BDC000F7EE1 /* Shader.vsh in Resources */,
				CEC9D7ED14AC9BDC000F7EE1 /* MechanisticViewController.xib in Resources */,
				CE8BA27114C9E8D300983958 /* Gear.obj in Resources */,
			);
			runOnlyForDeploymentPostprocessing = 0;
		};
/* End PBXResourcesBuildPhase section */

/* Begin PBXSourcesBuildPhase section */
		CEC9D7C014AC9BDB000F7EE1 /* Sources */ = {
			isa = PBXSourcesBuildPhase;
			buildActionMask = 2147483647;
			files = (
				CEC9D7DA14AC9BDB000F7EE1 /* main.m in Sources */,
				CEC9D7DD14AC9BDB000F7EE1 /* MechanisticAppDelegate.m in Sources */,
				CEC9D7E714AC9BDC000F7EE1 /* EAGLView.m in Sources */,
				CEC9D7EA14AC9BDC000F7EE1 /* MechanisticViewController.mm in Sources */,
				CE833C4114BB102B00D0C413 /* Vertex.cpp in Sources */,
				CE833C4514BB32A300D0C413 /* Triangle.cpp in Sources */,
				CE833C4814BB360900D0C413 /* SceneGraphNode.cpp in Sources */,
				CE8F574C14BB560600911BA9 /* MeshNode.cpp in Sources */,
				CEBDA5A514C5EA540051E755 /* Transform.cpp in Sources */,
				CEBDA5AB14C619CC0051E755 /* EngineUtils.cpp in Sources */,
				CE91208E14C7398A00F97A0E /* LightNode.cpp in Sources */,
				CE91209214C744E400F97A0E /* TransformNode.cpp in Sources */,
				CE91209514C7496800F97A0E /* Material.cpp in Sources */,
				CE8D94E114C767D0000875A5 /* Face.m in Sources */,
				CE8D94E214C767D0000875A5 /* Gear.m in Sources */,
				CE8D94E614C767DD000875A5 /* Model.m in Sources */,
				CE8D94E914C767E9000875A5 /* Tile.m in Sources */,
				CEB0EB6C14C85675005A33FC /* SceneGraphRenderer.cpp in Sources */,
				CE46DA3614C8B2DA007CDB4C /* Edge.m in Sources */,
				CEB0D97F14C9A10B008705E5 /* OBJFileLoader.cpp in Sources */,
				CE2B6F6114C9B381005F81F6 /* gluLookAt.cpp in Sources */,
			);
			runOnlyForDeploymentPostprocessing = 0;
		};
/* End PBXSourcesBuildPhase section */

/* Begin PBXVariantGroup section */
		CEC9D7D514AC9BDB000F7EE1 /* InfoPlist.strings */ = {
			isa = PBXVariantGroup;
			children = (
				CEC9D7D614AC9BDB000F7EE1 /* en */,
			);
			name = InfoPlist.strings;
			sourceTree = "<group>";
		};
		CEC9D7DE14AC9BDC000F7EE1 /* MainWindow.xib */ = {
			isa = PBXVariantGroup;
			children = (
				CEC9D7DF14AC9BDC000F7EE1 /* en */,
			);
			name = MainWindow.xib;
			sourceTree = "<group>";
		};
		CEC9D7EB14AC9BDC000F7EE1 /* MechanisticViewController.xib */ = {
			isa = PBXVariantGroup;
			children = (
				CEC9D7EC14AC9BDC000F7EE1 /* en */,
			);
			name = MechanisticViewController.xib;
			sourceTree = "<group>";
		};
/* End PBXVariantGroup section */

/* Begin XCBuildConfiguration section */
		CEC9D7EE14AC9BDC000F7EE1 /* Debug */ = {
			isa = XCBuildConfiguration;
			buildSettings = {
				ARCHS = "$(ARCHS_STANDARD_32_BIT)";
				"CODE_SIGN_IDENTITY[sdk=iphoneos*]" = "iPhone Developer";
				GCC_C_LANGUAGE_STANDARD = gnu99;
				GCC_OPTIMIZATION_LEVEL = 0;
				GCC_PREPROCESSOR_DEFINITIONS = DEBUG;
				GCC_SYMBOLS_PRIVATE_EXTERN = NO;
				GCC_VERSION = com.apple.compilers.llvmgcc42;
				GCC_WARN_ABOUT_RETURN_TYPE = YES;
				GCC_WARN_UNUSED_VARIABLE = YES;
				IPHONEOS_DEPLOYMENT_TARGET = 4.3;
				SDKROOT = iphoneos;
			};
			name = Debug;
		};
		CEC9D7EF14AC9BDC000F7EE1 /* Release */ = {
			isa = XCBuildConfiguration;
			buildSettings = {
				ARCHS = "$(ARCHS_STANDARD_32_BIT)";
				"CODE_SIGN_IDENTITY[sdk=iphoneos*]" = "iPhone Developer";
				GCC_C_LANGUAGE_STANDARD = gnu99;
				GCC_VERSION = com.apple.compilers.llvmgcc42;
				GCC_WARN_ABOUT_RETURN_TYPE = YES;
				GCC_WARN_UNUSED_VARIABLE = YES;
				IPHONEOS_DEPLOYMENT_TARGET = 4.3;
				OTHER_CFLAGS = "-DNS_BLOCK_ASSERTIONS=1";
				SDKROOT = iphoneos;
			};
			name = Release;
		};
		CEC9D7F114AC9BDC000F7EE1 /* Debug */ = {
			isa = XCBuildConfiguration;
			buildSettings = {
				ALWAYS_SEARCH_USER_PATHS = NO;
				COPY_PHASE_STRIP = NO;
				GCC_DYNAMIC_NO_PIC = NO;
				GCC_PRECOMPILE_PREFIX_HEADER = YES;
				GCC_PREFIX_HEADER = "Mechanistic/Mechanistic-Prefix.pch";
				"GCC_THUMB_SUPPORT[arch=armv6]" = "";
				INFOPLIST_FILE = "Mechanistic/Mechanistic-Info.plist";
				PRODUCT_NAME = "$(TARGET_NAME)";
				WRAPPER_EXTENSION = app;
			};
			name = Debug;
		};
		CEC9D7F214AC9BDC000F7EE1 /* Release */ = {
			isa = XCBuildConfiguration;
			buildSettings = {
				ALWAYS_SEARCH_USER_PATHS = NO;
				COPY_PHASE_STRIP = YES;
				GCC_PRECOMPILE_PREFIX_HEADER = YES;
				GCC_PREFIX_HEADER = "Mechanistic/Mechanistic-Prefix.pch";
				"GCC_THUMB_SUPPORT[arch=armv6]" = "";
				INFOPLIST_FILE = "Mechanistic/Mechanistic-Info.plist";
				PRODUCT_NAME = "$(TARGET_NAME)";
				VALIDATE_PRODUCT = YES;
				WRAPPER_EXTENSION = app;
			};
			name = Release;
		};
/* End XCBuildConfiguration section */

/* Begin XCConfigurationList section */
		CEC9D7BE14AC9BDA000F7EE1 /* Build configuration list for PBXProject "Mechanistic" */ = {
			isa = XCConfigurationList;
			buildConfigurations = (
				CEC9D7EE14AC9BDC000F7EE1 /* Debug */,
				CEC9D7EF14AC9BDC000F7EE1 /* Release */,
			);
			defaultConfigurationIsVisible = 0;
			defaultConfigurationName = Release;
		};
		CEC9D7F014AC9BDC000F7EE1 /* Build configuration list for PBXNativeTarget "Mechanistic" */ = {
			isa = XCConfigurationList;
			buildConfigurations = (
				CEC9D7F114AC9BDC000F7EE1 /* Debug */,
				CEC9D7F214AC9BDC000F7EE1 /* Release */,
			);
			defaultConfigurationIsVisible = 0;
			defaultConfigurationName = Release;
		};
/* End XCConfigurationList section */
	};
	rootObject = CEC9D7BB14AC9BDA000F7EE1 /* Project object */;
}
