// !$*UTF8*$!
{
	archiveVersion = 1;
	classes = {
	};
	objectVersion = 46;
	objects = {

/* Begin PBXBuildFile section */
		CE28A55A1477E7B5003FD687 /* UIKit.framework in Frameworks */ = {isa = PBXBuildFile; fileRef = CE28A5591477E7B5003FD687 /* UIKit.framework */; };
		CE28A55C1477E7B5003FD687 /* Foundation.framework in Frameworks */ = {isa = PBXBuildFile; fileRef = CE28A55B1477E7B5003FD687 /* Foundation.framework */; };
		CE28A55E1477E7B5003FD687 /* CoreGraphics.framework in Frameworks */ = {isa = PBXBuildFile; fileRef = CE28A55D1477E7B5003FD687 /* CoreGraphics.framework */; };
		CE28A5641477E7B5003FD687 /* InfoPlist.strings in Resources */ = {isa = PBXBuildFile; fileRef = CE28A5621477E7B5003FD687 /* InfoPlist.strings */; };
		CE28A5671477E7B5003FD687 /* main.m in Sources */ = {isa = PBXBuildFile; fileRef = CE28A5661477E7B5003FD687 /* main.m */; };
		CE28A56A1477E7B5003FD687 /* WireframeAppDelegate.m in Sources */ = {isa = PBXBuildFile; fileRef = CE28A5691477E7B5003FD687 /* WireframeAppDelegate.m */; };
		CE28A56D1477E7B5003FD687 /* MainWindow.xib in Resources */ = {isa = PBXBuildFile; fileRef = CE28A56B1477E7B5003FD687 /* MainWindow.xib */; };
		CE28A5701477E7B5003FD687 /* RootViewController.m in Sources */ = {isa = PBXBuildFile; fileRef = CE28A56F1477E7B5003FD687 /* RootViewController.m */; };
		CE28A5731477E7B5003FD687 /* RootViewController.xib in Resources */ = {isa = PBXBuildFile; fileRef = CE28A5711477E7B5003FD687 /* RootViewController.xib */; };
		CE2E447E147809970079D0EE /* HighscoresViewController.m in Sources */ = {isa = PBXBuildFile; fileRef = CE2E447C147809970079D0EE /* HighscoresViewController.m */; };
		CE2E447F147809970079D0EE /* HighscoresViewController.xib in Resources */ = {isa = PBXBuildFile; fileRef = CE2E447D147809970079D0EE /* HighscoresViewController.xib */; };
		CE2E448B14781F460079D0EE /* LevelSelection.m in Sources */ = {isa = PBXBuildFile; fileRef = CE2E448914781F460079D0EE /* LevelSelection.m */; };
		CE2E448C14781F460079D0EE /* LevelSelection.xib in Resources */ = {isa = PBXBuildFile; fileRef = CE2E448A14781F460079D0EE /* LevelSelection.xib */; };
		CE895557149686B50044CF31 /* GameModel.m in Sources */ = {isa = PBXBuildFile; fileRef = CE895556149686B50044CF31 /* GameModel.m */; };
		CE89555B149687A60044CF31 /* GameController.m in Sources */ = {isa = PBXBuildFile; fileRef = CE89555A149687A60044CF31 /* GameController.m */; };
		CE89555F149687FB0044CF31 /* GameViewController.m in Sources */ = {isa = PBXBuildFile; fileRef = CE89555D149687FB0044CF31 /* GameViewController.m */; };
		CE895560149687FB0044CF31 /* GameViewController.xib in Resources */ = {isa = PBXBuildFile; fileRef = CE89555E149687FB0044CF31 /* GameViewController.xib */; };
/* End PBXBuildFile section */

/* Begin PBXFileReference section */
		CE28A5551477E7B5003FD687 /* Wireframe.app */ = {isa = PBXFileReference; explicitFileType = wrapper.application; includeInIndex = 0; path = Wireframe.app; sourceTree = BUILT_PRODUCTS_DIR; };
		CE28A5591477E7B5003FD687 /* UIKit.framework */ = {isa = PBXFileReference; lastKnownFileType = wrapper.framework; name = UIKit.framework; path = System/Library/Frameworks/UIKit.framework; sourceTree = SDKROOT; };
		CE28A55B1477E7B5003FD687 /* Foundation.framework */ = {isa = PBXFileReference; lastKnownFileType = wrapper.framework; name = Foundation.framework; path = System/Library/Frameworks/Foundation.framework; sourceTree = SDKROOT; };
		CE28A55D1477E7B5003FD687 /* CoreGraphics.framework */ = {isa = PBXFileReference; lastKnownFileType = wrapper.framework; name = CoreGraphics.framework; path = System/Library/Frameworks/CoreGraphics.framework; sourceTree = SDKROOT; };
		CE28A5611477E7B5003FD687 /* Wireframe-Info.plist */ = {isa = PBXFileReference; lastKnownFileType = text.plist.xml; path = "Wireframe-Info.plist"; sourceTree = "<group>"; };
		CE28A5631477E7B5003FD687 /* en */ = {isa = PBXFileReference; lastKnownFileType = text.plist.strings; name = en; path = en.lproj/InfoPlist.strings; sourceTree = "<group>"; };
		CE28A5651477E7B5003FD687 /* Wireframe-Prefix.pch */ = {isa = PBXFileReference; lastKnownFileType = sourcecode.c.h; path = "Wireframe-Prefix.pch"; sourceTree = "<group>"; };
		CE28A5661477E7B5003FD687 /* main.m */ = {isa = PBXFileReference; lastKnownFileType = sourcecode.c.objc; path = main.m; sourceTree = "<group>"; };
		CE28A5681477E7B5003FD687 /* WireframeAppDelegate.h */ = {isa = PBXFileReference; lastKnownFileType = sourcecode.c.h; path = WireframeAppDelegate.h; sourceTree = "<group>"; };
		CE28A5691477E7B5003FD687 /* WireframeAppDelegate.m */ = {isa = PBXFileReference; lastKnownFileType = sourcecode.c.objc; path = WireframeAppDelegate.m; sourceTree = "<group>"; };
		CE28A56C1477E7B5003FD687 /* en */ = {isa = PBXFileReference; lastKnownFileType = file.xib; name = en; path = en.lproj/MainWindow.xib; sourceTree = "<group>"; };
		CE28A56E1477E7B5003FD687 /* RootViewController.h */ = {isa = PBXFileReference; lastKnownFileType = sourcecode.c.h; path = RootViewController.h; sourceTree = "<group>"; };
		CE28A56F1477E7B5003FD687 /* RootViewController.m */ = {isa = PBXFileReference; lastKnownFileType = sourcecode.c.objc; path = RootViewController.m; sourceTree = "<group>"; };
		CE28A5721477E7B5003FD687 /* en */ = {isa = PBXFileReference; lastKnownFileType = file.xib; name = en; path = en.lproj/RootViewController.xib; sourceTree = "<group>"; };
		CE2E447B147809970079D0EE /* HighscoresViewController.h */ = {isa = PBXFileReference; fileEncoding = 4; lastKnownFileType = sourcecode.c.h; path = HighscoresViewController.h; sourceTree = "<group>"; };
		CE2E447C147809970079D0EE /* HighscoresViewController.m */ = {isa = PBXFileReference; fileEncoding = 4; lastKnownFileType = sourcecode.c.objc; path = HighscoresViewController.m; sourceTree = "<group>"; };
		CE2E447D147809970079D0EE /* HighscoresViewController.xib */ = {isa = PBXFileReference; fileEncoding = 4; lastKnownFileType = file.xib; path = HighscoresViewController.xib; sourceTree = "<group>"; };
		CE2E448814781F460079D0EE /* LevelSelection.h */ = {isa = PBXFileReference; fileEncoding = 4; lastKnownFileType = sourcecode.c.h; path = LevelSelection.h; sourceTree = "<group>"; };
		CE2E448914781F460079D0EE /* LevelSelection.m */ = {isa = PBXFileReference; fileEncoding = 4; lastKnownFileType = sourcecode.c.objc; path = LevelSelection.m; sourceTree = "<group>"; };
		CE2E448A14781F460079D0EE /* LevelSelection.xib */ = {isa = PBXFileReference; fileEncoding = 4; lastKnownFileType = file.xib; path = LevelSelection.xib; sourceTree = "<group>"; };
		CE895555149686B50044CF31 /* GameModel.h */ = {isa = PBXFileReference; fileEncoding = 4; lastKnownFileType = sourcecode.c.h; path = GameModel.h; sourceTree = "<group>"; };
		CE895556149686B50044CF31 /* GameModel.m */ = {isa = PBXFileReference; fileEncoding = 4; lastKnownFileType = sourcecode.c.objc; path = GameModel.m; sourceTree = "<group>"; };
		CE895559149687A60044CF31 /* GameController.h */ = {isa = PBXFileReference; fileEncoding = 4; lastKnownFileType = sourcecode.c.h; path = GameController.h; sourceTree = "<group>"; };
		CE89555A149687A60044CF31 /* GameController.m */ = {isa = PBXFileReference; fileEncoding = 4; lastKnownFileType = sourcecode.c.objc; path = GameController.m; sourceTree = "<group>"; };
		CE89555C149687FB0044CF31 /* GameViewController.h */ = {isa = PBXFileReference; fileEncoding = 4; lastKnownFileType = sourcecode.c.h; path = GameViewController.h; sourceTree = "<group>"; };
		CE89555D149687FB0044CF31 /* GameViewController.m */ = {isa = PBXFileReference; fileEncoding = 4; lastKnownFileType = sourcecode.c.objc; path = GameViewController.m; sourceTree = "<group>"; };
		CE89555E149687FB0044CF31 /* GameViewController.xib */ = {isa = PBXFileReference; fileEncoding = 4; lastKnownFileType = file.xib; path = GameViewController.xib; sourceTree = "<group>"; };
/* End PBXFileReference section */

/* Begin PBXFrameworksBuildPhase section */
		CE28A5521477E7B5003FD687 /* Frameworks */ = {
			isa = PBXFrameworksBuildPhase;
			buildActionMask = 2147483647;
			files = (
				CE28A55A1477E7B5003FD687 /* UIKit.framework in Frameworks */,
				CE28A55C1477E7B5003FD687 /* Foundation.framework in Frameworks */,
				CE28A55E1477E7B5003FD687 /* CoreGraphics.framework in Frameworks */,
			);
			runOnlyForDeploymentPostprocessing = 0;
		};
/* End PBXFrameworksBuildPhase section */

/* Begin PBXGroup section */
		CE28A54A1477E7B4003FD687 = {
			isa = PBXGroup;
			children = (
				CE28A55F1477E7B5003FD687 /* Wireframe */,
				CE28A5581477E7B5003FD687 /* Frameworks */,
				CE28A5561477E7B5003FD687 /* Products */,
			);
			sourceTree = "<group>";
		};
		CE28A5561477E7B5003FD687 /* Products */ = {
			isa = PBXGroup;
			children = (
				CE28A5551477E7B5003FD687 /* Wireframe.app */,
			);
			name = Products;
			sourceTree = "<group>";
		};
		CE28A5581477E7B5003FD687 /* Frameworks */ = {
			isa = PBXGroup;
			children = (
				CE28A5591477E7B5003FD687 /* UIKit.framework */,
				CE28A55B1477E7B5003FD687 /* Foundation.framework */,
				CE28A55D1477E7B5003FD687 /* CoreGraphics.framework */,
			);
			name = Frameworks;
			sourceTree = "<group>";
		};
		CE28A55F1477E7B5003FD687 /* Wireframe */ = {
			isa = PBXGroup;
			children = (
				CE28A5681477E7B5003FD687 /* WireframeAppDelegate.h */,
				CE28A5691477E7B5003FD687 /* WireframeAppDelegate.m */,
				CE28A56B1477E7B5003FD687 /* MainWindow.xib */,
				CE28A56E1477E7B5003FD687 /* RootViewController.h */,
				CE28A56F1477E7B5003FD687 /* RootViewController.m */,
				CE28A5711477E7B5003FD687 /* RootViewController.xib */,
				CE28A5601477E7B5003FD687 /* Supporting Files */,
				CE2E447B147809970079D0EE /* HighscoresViewController.h */,
				CE2E447C147809970079D0EE /* HighscoresViewController.m */,
				CE2E447D147809970079D0EE /* HighscoresViewController.xib */,
				CE2E448814781F460079D0EE /* LevelSelection.h */,
				CE2E448914781F460079D0EE /* LevelSelection.m */,
				CE2E448A14781F460079D0EE /* LevelSelection.xib */,
				CE895555149686B50044CF31 /* GameModel.h */,
				CE895556149686B50044CF31 /* GameModel.m */,
				CE895559149687A60044CF31 /* GameController.h */,
				CE89555A149687A60044CF31 /* GameController.m */,
				CE89555C149687FB0044CF31 /* GameViewController.h */,
				CE89555D149687FB0044CF31 /* GameViewController.m */,
				CE89555E149687FB0044CF31 /* GameViewController.xib */,
			);
			path = Wireframe;
			sourceTree = "<group>";
		};
		CE28A5601477E7B5003FD687 /* Supporting Files */ = {
			isa = PBXGroup;
			children = (
				CE28A5611477E7B5003FD687 /* Wireframe-Info.plist */,
				CE28A5621477E7B5003FD687 /* InfoPlist.strings */,
				CE28A5651477E7B5003FD687 /* Wireframe-Prefix.pch */,
				CE28A5661477E7B5003FD687 /* main.m */,
			);
			name = "Supporting Files";
			sourceTree = "<group>";
		};
/* End PBXGroup section */

/* Begin PBXNativeTarget section */
		CE28A5541477E7B5003FD687 /* Wireframe */ = {
			isa = PBXNativeTarget;
			buildConfigurationList = CE28A5761477E7B5003FD687 /* Build configuration list for PBXNativeTarget "Wireframe" */;
			buildPhases = (
				CE28A5511477E7B5003FD687 /* Sources */,
				CE28A5521477E7B5003FD687 /* Frameworks */,
				CE28A5531477E7B5003FD687 /* Resources */,
			);
			buildRules = (
			);
			dependencies = (
			);
			name = Wireframe;
			productName = Wireframe;
			productReference = CE28A5551477E7B5003FD687 /* Wireframe.app */;
			productType = "com.apple.product-type.application";
		};
/* End PBXNativeTarget section */

/* Begin PBXProject section */
		CE28A54C1477E7B4003FD687 /* Project object */ = {
			isa = PBXProject;
			buildConfigurationList = CE28A54F1477E7B4003FD687 /* Build configuration list for PBXProject "Wireframe" */;
			compatibilityVersion = "Xcode 3.2";
			developmentRegion = English;
			hasScannedForEncodings = 0;
			knownRegions = (
				en,
			);
			mainGroup = CE28A54A1477E7B4003FD687;
			productRefGroup = CE28A5561477E7B5003FD687 /* Products */;
			projectDirPath = "";
			projectRoot = "";
			targets = (
				CE28A5541477E7B5003FD687 /* Wireframe */,
			);
		};
/* End PBXProject section */

/* Begin PBXResourcesBuildPhase section */
		CE28A5531477E7B5003FD687 /* Resources */ = {
			isa = PBXResourcesBuildPhase;
			buildActionMask = 2147483647;
			files = (
				CE28A5641477E7B5003FD687 /* InfoPlist.strings in Resources */,
				CE28A56D1477E7B5003FD687 /* MainWindow.xib in Resources */,
				CE28A5731477E7B5003FD687 /* RootViewController.xib in Resources */,
				CE2E447F147809970079D0EE /* HighscoresViewController.xib in Resources */,
				CE2E448C14781F460079D0EE /* LevelSelection.xib in Resources */,
				CE895560149687FB0044CF31 /* GameViewController.xib in Resources */,
			);
			runOnlyForDeploymentPostprocessing = 0;
		};
/* End PBXResourcesBuildPhase section */

/* Begin PBXSourcesBuildPhase section */
		CE28A5511477E7B5003FD687 /* Sources */ = {
			isa = PBXSourcesBuildPhase;
			buildActionMask = 2147483647;
			files = (
				CE28A5671477E7B5003FD687 /* main.m in Sources */,
				CE28A56A1477E7B5003FD687 /* WireframeAppDelegate.m in Sources */,
				CE28A5701477E7B5003FD687 /* RootViewController.m in Sources */,
				CE2E447E147809970079D0EE /* HighscoresViewController.m in Sources */,
				CE2E448B14781F460079D0EE /* LevelSelection.m in Sources */,
				CE895557149686B50044CF31 /* GameModel.m in Sources */,
				CE89555B149687A60044CF31 /* GameController.m in Sources */,
				CE89555F149687FB0044CF31 /* GameViewController.m in Sources */,
			);
			runOnlyForDeploymentPostprocessing = 0;
		};
/* End PBXSourcesBuildPhase section */

/* Begin PBXVariantGroup section */
		CE28A5621477E7B5003FD687 /* InfoPlist.strings */ = {
			isa = PBXVariantGroup;
			children = (
				CE28A5631477E7B5003FD687 /* en */,
			);
			name = InfoPlist.strings;
			sourceTree = "<group>";
		};
		CE28A56B1477E7B5003FD687 /* MainWindow.xib */ = {
			isa = PBXVariantGroup;
			children = (
				CE28A56C1477E7B5003FD687 /* en */,
			);
			name = MainWindow.xib;
			sourceTree = "<group>";
		};
		CE28A5711477E7B5003FD687 /* RootViewController.xib */ = {
			isa = PBXVariantGroup;
			children = (
				CE28A5721477E7B5003FD687 /* en */,
			);
			name = RootViewController.xib;
			sourceTree = "<group>";
		};
/* End PBXVariantGroup section */

/* Begin XCBuildConfiguration section */
		CE28A5741477E7B5003FD687 /* Debug */ = {
			isa = XCBuildConfiguration;
			buildSettings = {
				ARCHS = "$(ARCHS_STANDARD_32_BIT)";
				"CODE_SIGN_IDENTITY[sdk=iphoneos*]" = "iPhone Developer";
				GCC_C_LANGUAGE_STANDARD = gnu99;
				GCC_OPTIMIZATION_LEVEL = 0;
				GCC_PREPROCESSOR_DEFINITIONS = DEBUG;
				GCC_SYMBOLS_PRIVATE_EXTERN = NO;
				GCC_VERSION = com.apple.compilers.llvmgcc42;
				GCC_WARN_ABOUT_RETURN_TYPE = YES;
				GCC_WARN_UNUSED_VARIABLE = YES;
				IPHONEOS_DEPLOYMENT_TARGET = 4.3;
				SDKROOT = iphoneos;
			};
			name = Debug;
		};
		CE28A5751477E7B5003FD687 /* Release */ = {
			isa = XCBuildConfiguration;
			buildSettings = {
				ARCHS = "$(ARCHS_STANDARD_32_BIT)";
				"CODE_SIGN_IDENTITY[sdk=iphoneos*]" = "iPhone Developer";
				GCC_C_LANGUAGE_STANDARD = gnu99;
				GCC_VERSION = com.apple.compilers.llvmgcc42;
				GCC_WARN_ABOUT_RETURN_TYPE = YES;
				GCC_WARN_UNUSED_VARIABLE = YES;
				IPHONEOS_DEPLOYMENT_TARGET = 4.3;
				OTHER_CFLAGS = "-DNS_BLOCK_ASSERTIONS=1";
				SDKROOT = iphoneos;
			};
			name = Release;
		};
		CE28A5771477E7B5003FD687 /* Debug */ = {
			isa = XCBuildConfiguration;
			buildSettings = {
				ALWAYS_SEARCH_USER_PATHS = NO;
				COPY_PHASE_STRIP = NO;
				GCC_DYNAMIC_NO_PIC = NO;
				GCC_PRECOMPILE_PREFIX_HEADER = YES;
				GCC_PREFIX_HEADER = "Wireframe/Wireframe-Prefix.pch";
				INFOPLIST_FILE = "Wireframe/Wireframe-Info.plist";
				PRODUCT_NAME = "$(TARGET_NAME)";
				WRAPPER_EXTENSION = app;
			};
			name = Debug;
		};
		CE28A5781477E7B5003FD687 /* Release */ = {
			isa = XCBuildConfiguration;
			buildSettings = {
				ALWAYS_SEARCH_USER_PATHS = NO;
				COPY_PHASE_STRIP = YES;
				GCC_PRECOMPILE_PREFIX_HEADER = YES;
				GCC_PREFIX_HEADER = "Wireframe/Wireframe-Prefix.pch";
				INFOPLIST_FILE = "Wireframe/Wireframe-Info.plist";
				PRODUCT_NAME = "$(TARGET_NAME)";
				VALIDATE_PRODUCT = YES;
				WRAPPER_EXTENSION = app;
			};
			name = Release;
		};
/* End XCBuildConfiguration section */

/* Begin XCConfigurationList section */
		CE28A54F1477E7B4003FD687 /* Build configuration list for PBXProject "Wireframe" */ = {
			isa = XCConfigurationList;
			buildConfigurations = (
				CE28A5741477E7B5003FD687 /* Debug */,
				CE28A5751477E7B5003FD687 /* Release */,
			);
			defaultConfigurationIsVisible = 0;
			defaultConfigurationName = Release;
		};
		CE28A5761477E7B5003FD687 /* Build configuration list for PBXNativeTarget "Wireframe" */ = {
			isa = XCConfigurationList;
			buildConfigurations = (
				CE28A5771477E7B5003FD687 /* Debug */,
				CE28A5781477E7B5003FD687 /* Release */,
			);
			defaultConfigurationIsVisible = 0;
			defaultConfigurationName = Release;
		};
/* End XCConfigurationList section */
	};
	rootObject = CE28A54C1477E7B4003FD687 /* Project object */;
}
